
Microsoft Visual Studio Solution File, Format Version 12.00
# Visual Studio 2015
Project("{FAE04EC0-301F-11D3-BF4B-00C04F79EFBC}") = "igra.CSharp.Plugins", "igra.CSharp.Plugins.csproj", "{950E7C91-6F70-CFC9-1D7C-63199EFD91F7}"
EndProject
Project("{FAE04EC0-301F-11D3-BF4B-00C04F79EFBC}") = "igra.CSharp", "igra.CSharp.csproj", "{C2093109-4838-6BA7-C9CD-2AC86D202C91}"
EndProject
Project("{FAE04EC0-301F-11D3-BF4B-00C04F79EFBC}") = "igra.CSharp.Editor", "igra.CSharp.Editor.csproj", "{36E6D454-97CF-2626-ED20-BF9D2040246F}"
EndProject
Global
	GlobalSection(SolutionConfigurationPlatforms) = preSolution
		Debug|Any CPU = Debug|Any CPU
		Release|Any CPU = Release|Any CPU
	EndGlobalSection
	GlobalSection(ProjectConfigurationPlatforms) = postSolution
		{950E7C91-6F70-CFC9-1D7C-63199EFD91F7}.Debug|Any CPU.ActiveCfg = Debug|Any CPU
		{950E7C91-6F70-CFC9-1D7C-63199EFD91F7}.Debug|Any CPU.Build.0 = Debug|Any CPU
		{950E7C91-6F70-CFC9-1D7C-63199EFD91F7}.Release|Any CPU.ActiveCfg = Release|Any CPU
		{950E7C91-6F70-CFC9-1D7C-63199EFD91F7}.Release|Any CPU.Build.0 = Release|Any CPU
		{C2093109-4838-6BA7-C9CD-2AC86D202C91}.Debug|Any CPU.ActiveCfg = Debug|Any CPU
		{C2093109-4838-6BA7-C9CD-2AC86D202C91}.Debug|Any CPU.Build.0 = Debug|Any CPU
		{C2093109-4838-6BA7-C9CD-2AC86D202C91}.Release|Any CPU.ActiveCfg = Release|Any CPU
		{C2093109-4838-6BA7-C9CD-2AC86D202C91}.Release|Any CPU.Build.0 = Release|Any CPU
		{36E6D454-97CF-2626-ED20-BF9D2040246F}.Debug|Any CPU.ActiveCfg = Debug|Any CPU
		{36E6D454-97CF-2626-ED20-BF9D2040246F}.Debug|Any CPU.Build.0 = Debug|Any CPU
		{36E6D454-97CF-2626-ED20-BF9D2040246F}.Release|Any CPU.ActiveCfg = Release|Any CPU
		{36E6D454-97CF-2626-ED20-BF9D2040246F}.Release|Any CPU.Build.0 = Release|Any CPU
	EndGlobalSection
	GlobalSection(SolutionProperties) = preSolution
		HideSolutionNode = FALSE
	EndGlobalSection
EndGlobal
